Microsoft Visual Studio Solution File, Format Version 12.00
# Visual Studio Version 17
VisualStudioVersion = 17.5.2.0
MinimumVisualStudioVersion = 10.0.40219.1
Project("{FAE04EC0-301F-11D3-BF4B-00C04F79EFBC}") = "CardGAmeApi", "CardGAmeApi\CardGAmeApi.csproj", "{EA9240A7-6A58-43F4-F296-F973DD8E3D2E}"
EndProject
Global
	GlobalSection(SolutionConfigurationPlatforms) = preSolution
		Debug|Any CPU = Debug|Any CPU
		Release|Any CPU = Release|Any CPU
	EndGlobalSection
	GlobalSection(ProjectConfigurationPlatforms) = postSolution
		{EA9240A7-6A58-43F4-F296-F973DD8E3D2E}.Debug|Any CPU.ActiveCfg = Debug|Any CPU
		{EA9240A7-6A58-43F4-F296-F973DD8E3D2E}.Debug|Any CPU.Build.0 = Debug|Any CPU
		{EA9240A7-6A58-43F4-F296-F973DD8E3D2E}.Release|Any CPU.ActiveCfg = Release|Any CPU
		{EA9240A7-6A58-43F4-F296-F973DD8E3D2E}.Release|Any CPU.Build.0 = Release|Any CPU
	EndGlobalSection
	GlobalSection(SolutionProperties) = preSolution
		HideSolutionNode = FALSE
	EndGlobalSection
	GlobalSection(ExtensibilityGlobals) = postSolution
<<<<<<< Updated upstream
		SolutionGuid = {DBB54382-BC37-4794-BA50-E888B3B3B296}
=======
		SolutionGuid = {3D87C778-EBEA-42A1-AB0B-70732067E1DD}
>>>>>>> Stashed changes
	EndGlobalSection
EndGlobal
